lockfileVersion: 5.4

specifiers:
  sodium-native: ^4.0.0

dependencies:
  sodium-native: 4.0.4

packages:

  /sodium-native/4.0.4:
    resolution: {integrity: sha512-AAAA}
    requiresBuild: true
    dev: false

  /@peculiar/webcrypto/1.4.3_tslib@2.6.2:
    resolution: {integrity: sha512-BBBB}
    dev: true
