{
  "name": "npm-v3",
  "lockfileVersion": 3,
  "requires": true,
  "packages": {
    "": { "name": "npm-v3", "workspaces": ["packages/*"] },
    "node_modules/@hpke/core": { "version": "1.7.2" },
    "node_modules/@microtoll/crypto-core": { "resolved": "packages/crypto-core", "link": true },
    "node_modules/argon2": { "version": "0.41.1", "devOptional": true },
    "node_modules/express/node_modules/cookie-signature": { "version": "1.0.6" },
    "packages/crypto-core": { "name": "@microtoll/crypto-core", "version": "0.3.0" }
  }
}
