{
  "name": "jose",
  "version": "6.0.0",
  "lockfileVersion": 3,
  "requires": true,
  "packages": {
    "": {
      "name": "jose",
      "version": "6.0.0",
      "workspaces": [
        "packages/*"
      ],
      "dependencies": {
        "bcrypt": "^5.1.1"
      }
    },
    "node_modules/@noble/hashes": {
      "resolved": "packages/hashes",
      "link": true
    },
    "node_modules/bcrypt": {
      "version": "5.1.1"
    },
    "packages/hashes": {
      "name": "@noble/hashes",
      "version": "2.0.0"
    }
  }
}
