# This file is generated by running "yarn install" inside your project.

__metadata:
  version: 8
  cacheKey: 10c0

"openpgp@npm:^5.11.0":
  version: 5.11.2
  resolution: "openpgp@npm:5.11.2"
  languageName: node
  linkType: hard

"@simplewebauthn/server@npm:^10.0.0, @simplewebauthn/server@npm:^10.0.1":
  version: 10.0.1
  resolution: "@simplewebauthn/server@npm:10.0.1"
  languageName: node
  linkType: hard
