{
  "name": "npm-v1",
  "version": "1.0.0",
  "lockfileVersion": 1,
  "requires": true,
  "dependencies": {
    "jsonwebtoken": {
      "version": "8.5.1",
      "requires": { "jws": "^3.2.2" },
      "dependencies": {
        "jws": { "version": "3.2.2" }
      }
    },
    "node-forge": { "version": "0.10.0", "dev": true },
    "express": { "version": "4.17.1" }
  }
}
